dependencies:
  espressif/cbor:
    component_hash: dad9ca860963e930366510a10b422b3125a4fb27b979712ed65efcbcd742de50
    dependencies:
    - name: idf
      require: private
      version: '>=5.0'
    source:
      registry_url: https://components.espressif.com/
      type: service
    version: 0.6.1~4
  espressif/coap:
    component_hash: fa573d92bc097700b35b593dfd2530205b90453d41e6f07f834252ab16120628
    dependencies:
    - name: idf
      require: private
      version: '>=4.4'
    source:
      registry_url: https://components.espressif.com/
      type: service
    version: 4.3.5~6
  espressif/mdns:
    component_hash: 8bcf12e37c58c1d584aef32a02b92548124c7a3a9fcf548d3235c844a035e0f0
    dependencies:
    - name: idf
      require: private
      version: '>=5.0'
    source:
      registry_url: https://components.espressif.com/
      type: service
    version: 1.11.1
  idf:
    source:
      type: idf
    version: 5.5.4
direct_dependencies:
- espressif/cbor
- espressif/coap
- espressif/mdns
manifest_hash: 0e75abb85b1ba6d36a464ce4fdd9676f662e708898c18a4fef7e15cbf7a559df
target: esp32s3
version: 2.0.0
